<?xml version="1.0" encoding="utf-8"?>
<Project ToolsVersion="4.0" xmlns="http://schemas.microsoft.com/developer/msbuild/2003">
  <ItemGroup>
    <Filter Include="Source Files">
      <UniqueIdentifier>{4FC737F1-C7A5-4376-A066-2A32D752A2FF}</UniqueIdentifier>
      <Extensions>cpp;c;cc;cxx;def;odl;idl;hpj;bat;asm;asmx</Extensions>
    </Filter>
    <Filter Include="Header Files">
      <UniqueIdentifier>{93995380-89BD-4b04-88EB-625FBE52EBFB}</UniqueIdentifier>
      <Extensions>h;hh;hpp;hxx;hm;inl;inc;ipp;xsd</Extensions>
    </Filter>
    <Filter Include="Resource Files">
      <UniqueIdentifier>{67DA6AB6-F800-4c08-8B7A-83BB121AAD01}</UniqueIdentifier>
      <Extensions>rc;ico;cur;bmp;dlg;rc2;rct;bin;rgs;gif;jpg;jpeg;jpe;resx;tiff;tif;png;wav;mfcribbon-ms</Extensions>
    </Filter>
  </ItemGroup>
  <ItemGroup>
    <ClInclude Include="DrugaIgra.h">
      <Filter>Header Files</Filter>
    </ClInclude>
    <ClInclude Include="FunkcijeZaIspis.h">
      <Filter>Header Files</Filter>
    </ClInclude>
    <ClInclude Include="GameOfThrons.h">
      <Filter>Header Files</Filter>
    </ClInclude>
    <ClInclude Include="Igrica4Komande.h">
      <Filter>Header Files</Filter>
    </ClInclude>
    <ClInclude Include="Mordor.h">
      <Filter>Header Files</Filter>
    </ClInclude>
    <ClInclude Include="NekoIme.h">
      <Filter>Header Files</Filter>
    </ClInclude>
    <ClInclude Include="Portal.h">
      <Filter>Header Files</Filter>
    </ClInclude>
    <ClInclude Include="PrvaIgra.h">
      <Filter>Header Files</Filter>
    </ClInclude>
    <ClInclude Include="reglog.h">
      <Filter>Header Files</Filter>
    </ClInclude>
    <ClInclude Include="SkrivenaIgra.h">
      <Filter>Header Files</Filter>
    </ClInclude>
    <ClInclude Include="TrecaIgra.h">
      <Filter>Header Files</Filter>
    </ClInclude>
    <ClInclude Include="Igra.h">
      <Filter>Header Files</Filter>
    </ClInclude>
    <ClInclude Include="Kljuc.h">
      <Filter>Header Files</Filter>
    </ClInclude>
    <ClInclude Include="Statistika.h">
      <Filter>Header Files</Filter>
    </ClInclude>
    <ClInclude Include="CetvrtaIgra.h">
      <Filter>Header Files</Filter>
    </ClInclude>
  </ItemGroup>
  <ItemGroup>
    <ClCompile Include="DrugaIgra.c">
      <Filter>Source Files</Filter>
    </ClCompile>
    <ClCompile Include="FunkcijeZaIspis.c">
      <Filter>Source Files</Filter>
    </ClCompile>
    <ClCompile Include="GameOfThrons.c">
      <Filter>Source Files</Filter>
    </ClCompile>
    <ClCompile Include="Igrica4Komande.c">
      <Filter>Source Files</Filter>
    </ClCompile>
    <ClCompile Include="main.c">
      <Filter>Source Files</Filter>
    </ClCompile>
    <ClCompile Include="Mordor.c">
      <Filter>Source Files</Filter>
    </ClCompile>
    <ClCompile Include="NekoIme.c">
      <Filter>Source Files</Filter>
    </ClCompile>
    <ClCompile Include="Portal.c">
      <Filter>Source Files</Filter>
    </ClCompile>
    <ClCompile Include="prvaIgra.c">
      <Filter>Source Files</Filter>
    </ClCompile>
    <ClCompile Include="reglog.c">
      <Filter>Source Files</Filter>
    </ClCompile>
    <ClCompile Include="SkrivenaIgra.c">
      <Filter>Source Files</Filter>
    </ClCompile>
    <ClCompile Include="TrecaIgra.c">
      <Filter>Source Files</Filter>
    </ClCompile>
    <ClCompile Include="igra.c">
      <Filter>Source Files</Filter>
    </ClCompile>
    <ClCompile Include="Kljuc.c">
      <Filter>Source Files</Filter>
    </ClCompile>
    <ClCompile Include="Statistika.c">
      <Filter>Source Files</Filter>
    </ClCompile>
    <ClCompile Include="CetvrtaIgra.c">
      <Filter>Source Files</Filter>
    </ClCompile>
  </ItemGroup>
</Project>